
Microsoft Visual Studio Solution File, Format Version 12.00
# Visual Studio Version 16
VisualStudioVersion = 16.0.31410.357
MinimumVisualStudioVersion = 10.0.40219.1
Project("{FAE04EC0-301F-11D3-BF4B-00C04F79EFBC}") = "Logic.Tests", "Logic.Tests\Logic.Tests.csproj", "{2EED1782-49FC-4E35-816A-1044B4C71526}"
EndProject
Project("{FAE04EC0-301F-11D3-BF4B-00C04F79EFBC}") = "Logic", "..\..\Logic.csproj", "{C6543B24-2D98-49B2-2A20-C9B3117D2268}"
EndProject
Project("{FAE04EC0-301F-11D3-BF4B-00C04F79EFBC}") = "Assembly-CSharp", "..\..\Assembly-CSharp.csproj", "{6AE82F22-9574-EB77-1643-C16880FD1C3D}"
EndProject
Global
	GlobalSection(SolutionConfigurationPlatforms) = preSolution
		Debug|Any CPU = Debug|Any CPU
		Release|Any CPU = Release|Any CPU
	EndGlobalSection
	GlobalSection(ProjectConfigurationPlatforms) = postSolution
		{2EED1782-49FC-4E35-816A-1044B4C71526}.Debug|Any CPU.ActiveCfg = Debug|Any CPU
		{2EED1782-49FC-4E35-816A-1044B4C71526}.Debug|Any CPU.Build.0 = Debug|Any CPU
		{2EED1782-49FC-4E35-816A-1044B4C71526}.Release|Any CPU.ActiveCfg = Release|Any CPU
		{2EED1782-49FC-4E35-816A-1044B4C71526}.Release|Any CPU.Build.0 = Release|Any CPU
		{C6543B24-2D98-49B2-2A20-C9B3117D2268}.Debug|Any CPU.ActiveCfg = Debug|Any CPU
		{C6543B24-2D98-49B2-2A20-C9B3117D2268}.Debug|Any CPU.Build.0 = Debug|Any CPU
		{C6543B24-2D98-49B2-2A20-C9B3117D2268}.Release|Any CPU.ActiveCfg = Release|Any CPU
		{C6543B24-2D98-49B2-2A20-C9B3117D2268}.Release|Any CPU.Build.0 = Release|Any CPU
		{6AE82F22-9574-EB77-1643-C16880FD1C3D}.Debug|Any CPU.ActiveCfg = Debug|Any CPU
		{6AE82F22-9574-EB77-1643-C16880FD1C3D}.Debug|Any CPU.Build.0 = Debug|Any CPU
		{6AE82F22-9574-EB77-1643-C16880FD1C3D}.Release|Any CPU.ActiveCfg = Release|Any CPU
		{6AE82F22-9574-EB77-1643-C16880FD1C3D}.Release|Any CPU.Build.0 = Release|Any CPU
	EndGlobalSection
	GlobalSection(SolutionProperties) = preSolution
		HideSolutionNode = FALSE
	EndGlobalSection
	GlobalSection(ExtensibilityGlobals) = postSolution
		SolutionGuid = {83610444-ED8F-4136-8B82-C7BAB881AAB9}
	EndGlobalSection
EndGlobal
